
Microsoft Visual Studio Solution File, Format Version 12.00
# Visual Studio Version 16
VisualStudioVersion = 16.0.28729.10
MinimumVisualStudioVersion = 10.0.40219.1
Project("{2150E333-8FDC-42A3-9474-1A3956D46DE8}") = "Mobile", "Mobile", "{B85E50BD-F17D-4DC0-9E73-1A2AC857B4CD}"
EndProject
Project("{2150E333-8FDC-42A3-9474-1A3956D46DE8}") = "Desktop", "Desktop", "{40F176D8-94D2-489D-B6C9-B4D555BF99DE}"
EndProject
Project("{2150E333-8FDC-42A3-9474-1A3956D46DE8}") = "Client", "Client", "{CDFCD8B7-060E-4438-B586-CAAC0A6C4299}"
EndProject
Project("{2150E333-8FDC-42A3-9474-1A3956D46DE8}") = "Server", "Server", "{B97F35A6-CC1D-493A-94AE-072DB62BC916}"
EndProject
Project("{9A19103F-16F7-4668-BE54-9A1E7A4F7556}") = "SparqDigital.TypTip.Client.Infrastructure", "SparqDigital.TypTip.Infrastructure\SparqDigital.TypTip.Client.Infrastructure.csproj", "{A32D6D8D-08A1-4E81-8452-32E0CFAAA633}"
EndProject
Project("{9A19103F-16F7-4668-BE54-9A1E7A4F7556}") = "SparqDigital.TypTip.Client.Business", "SparqDigital.TypTip.Business\SparqDigital.TypTip.Client.Business.csproj", "{6F2C3603-4C71-405E-88C6-69195CE0B7FB}"
EndProject
Project("{9A19103F-16F7-4668-BE54-9A1E7A4F7556}") = "SparqDigital.TypTip.Core.Common", "SparqDigital.TypTip.Common\SparqDigital.TypTip.Core.Common.csproj", "{75F63351-FC31-4601-A7CE-A3B7C6BD1524}"
EndProject
Project("{9A19103F-16F7-4668-BE54-9A1E7A4F7556}") = "SparqDigital.TypTip.Core.Data", "SparqDigital.TypTip.Data\SparqDigital.TypTip.Core.Data.csproj", "{8E312E70-DE5F-4E13-A9B2-12BB2BF45D06}"
EndProject
Project("{FAE04EC0-301F-11D3-BF4B-00C04F79EFBC}") = "SparqDigital.TypTip.Tests", "SparqDigital.TypTip.Tests\SparqDigital.TypTip.Tests.csproj", "{2EE6E27F-62ED-48EA-927D-DCFF77D54989}"
EndProject
Project("{FAE04EC0-301F-11D3-BF4B-00C04F79EFBC}") = "SparqDigital.TypTip.Desktop", "SparqDigital.TypTip.Desktop\SparqDigital.TypTip.Desktop.csproj", "{B4E22F7B-1D02-4BF9-8865-8F9A5E1B84A9}"
EndProject
Project("{2150E333-8FDC-42A3-9474-1A3956D46DE8}") = "Tests", "Tests", "{6E9F984A-6C24-4CD9-8FF2-F6152AD6EE64}"
EndProject
Project("{9A19103F-16F7-4668-BE54-9A1E7A4F7556}") = "SparqDigital.TypTip.Server.Common", "SparqDigital.TypTip.Server.Common\SparqDigital.TypTip.Server.Common.csproj", "{6794CF2A-B190-47DF-AEA2-71D75CAE8B40}"
EndProject
Project("{2150E333-8FDC-42A3-9474-1A3956D46DE8}") = "Functions", "Functions", "{2C50798A-E696-433F-8426-4F0FA086CD51}"
EndProject
Project("{9A19103F-16F7-4668-BE54-9A1E7A4F7556}") = "SparqDigital.TypTip.TextServices", "SparqDigital.TypTip.TextServices\SparqDigital.TypTip.TextServices.csproj", "{635DE0D2-211A-42CA-98CE-0DB31BBA5208}"
EndProject
Project("{9A19103F-16F7-4668-BE54-9A1E7A4F7556}") = "SparqDigital.TypTip.Server.Data", "SparqDigital.TypTip.Server.Data\SparqDigital.TypTip.Server.Data.csproj", "{3C792C7B-E303-4FCC-9121-B011DC66AACA}"
EndProject
Project("{9A19103F-16F7-4668-BE54-9A1E7A4F7556}") = "SparqDigital.TypTip.Server.Infrastructure", "SparqDigital.TypTip.Server.Infrastructure\SparqDigital.TypTip.Server.Infrastructure.csproj", "{4C682FBF-A8EB-4D42-BECE-C83F2DDE4433}"
EndProject
Project("{FAE04EC0-301F-11D3-BF4B-00C04F79EFBC}") = "SparqDigital.TypTip.Android", "SparqDigital.TypTip.Android\SparqDigital.TypTip.Android.csproj", "{3E479F92-FFE9-4323-A616-4BCCD5E22DD8}"
EndProject
Project("{9A19103F-16F7-4668-BE54-9A1E7A4F7556}") = "SparqDigital.TypTip.Web.Authentication", "SparqDigital.TypTip.Web.Authentication\SparqDigital.TypTip.Web.Authentication.csproj", "{362AD462-775F-4F4F-A383-DA8FBD6E6522}"
EndProject
Project("{2150E333-8FDC-42A3-9474-1A3956D46DE8}") = "Web", "Web", "{5A2B331A-7747-42DB-BAD3-E3F318F88A06}"
EndProject
Project("{9A19103F-16F7-4668-BE54-9A1E7A4F7556}") = "SparqDigital.TypTip.Web.Infrastructure", "SparqDigital.TypTip.Web.Infrastructure\SparqDigital.TypTip.Web.Infrastructure.csproj", "{A5349C09-D200-4C66-85D8-525A603D0EA6}"
EndProject
Project("{9A19103F-16F7-4668-BE54-9A1E7A4F7556}") = "SparqDigital.TypTip.Web.Data", "SparqDigital.TypTip.Web.Data\SparqDigital.TypTip.Web.Data.csproj", "{14B27FE6-86E1-44E5-83E6-A5149D6C9DFF}"
EndProject
Project("{9A19103F-16F7-4668-BE54-9A1E7A4F7556}") = "SparqDigital.TypTip.Web.Blazor.AdminPanel.Client", "SparqDigital.TypTip.Web.Blazor.AdminPanel.Client\SparqDigital.TypTip.Web.Blazor.AdminPanel.Client.csproj", "{9E3F7EB2-CED1-4D11-8C17-DEEB6A2D67D0}"
EndProject
Project("{9A19103F-16F7-4668-BE54-9A1E7A4F7556}") = "SparqDigital.TypTip.Web.Blazor.AdminPanel.Shared", "SparqDigital.TypTip.Web.Blazor.AdminPanel.Shared\SparqDigital.TypTip.Web.Blazor.AdminPanel.Shared.csproj", "{B9CC219D-A595-45EF-862D-73A8C1AF03A9}"
EndProject
Project("{9A19103F-16F7-4668-BE54-9A1E7A4F7556}") = "SparqDigital.TypTip.Web.Blazor.AdminPanel.Server", "SparqDigital.TypTip.Web.Blazor.AdminPanel.Server\SparqDigital.TypTip.Web.Blazor.AdminPanel.Server.csproj", "{AFA99F11-16B5-44AA-B808-C91B3458162A}"
EndProject
Project("{2150E333-8FDC-42A3-9474-1A3956D46DE8}") = "Blazor", "Blazor", "{B833D3E2-95F4-4386-82A6-FB5A3D1D349F}"
EndProject
Project("{2150E333-8FDC-42A3-9474-1A3956D46DE8}") = "Angular", "Angular", "{93BDA58D-CBEB-4552-9463-35E73D3214DA}"
EndProject
Project("{9A19103F-16F7-4668-BE54-9A1E7A4F7556}") = "SparqDigital.TypTip.Web.Angular.AdminPanel", "SparqDigital.TypTip.Web.Angular.AdminPanel\SparqDigital.TypTip.Web.Angular.AdminPanel.csproj", "{42D4FD0A-BFFF-4631-910D-0F2C101847C9}"
EndProject
Project("{9A19103F-16F7-4668-BE54-9A1E7A4F7556}") = "SparqDigital.TypTip.Mobile.Core", "SparqDigital.TypTip.Client.Data\SparqDigital.TypTip.Mobile.Core.csproj", "{185C09CC-2119-4360-9B5C-7114FE759650}"
EndProject
Global
	GlobalSection(SolutionConfigurationPlatforms) = preSolution
		Debug|Any CPU = Debug|Any CPU
		Release|Any CPU = Release|Any CPU
	EndGlobalSection
	GlobalSection(ProjectConfigurationPlatforms) = postSolution
		{A32D6D8D-08A1-4E81-8452-32E0CFAAA633}.Debug|Any CPU.ActiveCfg = Debug|Any CPU
		{A32D6D8D-08A1-4E81-8452-32E0CFAAA633}.Debug|Any CPU.Build.0 = Debug|Any CPU
		{A32D6D8D-08A1-4E81-8452-32E0CFAAA633}.Release|Any CPU.ActiveCfg = Release|Any CPU
		{A32D6D8D-08A1-4E81-8452-32E0CFAAA633}.Release|Any CPU.Build.0 = Release|Any CPU
		{6F2C3603-4C71-405E-88C6-69195CE0B7FB}.Debug|Any CPU.ActiveCfg = Debug|Any CPU
		{6F2C3603-4C71-405E-88C6-69195CE0B7FB}.Debug|Any CPU.Build.0 = Debug|Any CPU
		{6F2C3603-4C71-405E-88C6-69195CE0B7FB}.Release|Any CPU.ActiveCfg = Release|Any CPU
		{6F2C3603-4C71-405E-88C6-69195CE0B7FB}.Release|Any CPU.Build.0 = Release|Any CPU
		{75F63351-FC31-4601-A7CE-A3B7C6BD1524}.Debug|Any CPU.ActiveCfg = Debug|Any CPU
		{75F63351-FC31-4601-A7CE-A3B7C6BD1524}.Debug|Any CPU.Build.0 = Debug|Any CPU
		{75F63351-FC31-4601-A7CE-A3B7C6BD1524}.Release|Any CPU.ActiveCfg = Release|Any CPU
		{75F63351-FC31-4601-A7CE-A3B7C6BD1524}.Release|Any CPU.Build.0 = Release|Any CPU
		{8E312E70-DE5F-4E13-A9B2-12BB2BF45D06}.Debug|Any CPU.ActiveCfg = Debug|Any CPU
		{8E312E70-DE5F-4E13-A9B2-12BB2BF45D06}.Debug|Any CPU.Build.0 = Debug|Any CPU
		{8E312E70-DE5F-4E13-A9B2-12BB2BF45D06}.Release|Any CPU.ActiveCfg = Release|Any CPU
		{8E312E70-DE5F-4E13-A9B2-12BB2BF45D06}.Release|Any CPU.Build.0 = Release|Any CPU
		{2EE6E27F-62ED-48EA-927D-DCFF77D54989}.Debug|Any CPU.ActiveCfg = Debug|Any CPU
		{2EE6E27F-62ED-48EA-927D-DCFF77D54989}.Debug|Any CPU.Build.0 = Debug|Any CPU
		{2EE6E27F-62ED-48EA-927D-DCFF77D54989}.Release|Any CPU.ActiveCfg = Release|Any CPU
		{2EE6E27F-62ED-48EA-927D-DCFF77D54989}.Release|Any CPU.Build.0 = Release|Any CPU
		{B4E22F7B-1D02-4BF9-8865-8F9A5E1B84A9}.Debug|Any CPU.ActiveCfg = Debug|Any CPU
		{B4E22F7B-1D02-4BF9-8865-8F9A5E1B84A9}.Debug|Any CPU.Build.0 = Debug|Any CPU
		{B4E22F7B-1D02-4BF9-8865-8F9A5E1B84A9}.Release|Any CPU.ActiveCfg = Release|Any CPU
		{B4E22F7B-1D02-4BF9-8865-8F9A5E1B84A9}.Release|Any CPU.Build.0 = Release|Any CPU
		{6794CF2A-B190-47DF-AEA2-71D75CAE8B40}.Debug|Any CPU.ActiveCfg = Debug|Any CPU
		{6794CF2A-B190-47DF-AEA2-71D75CAE8B40}.Debug|Any CPU.Build.0 = Debug|Any CPU
		{6794CF2A-B190-47DF-AEA2-71D75CAE8B40}.Release|Any CPU.ActiveCfg = Release|Any CPU
		{6794CF2A-B190-47DF-AEA2-71D75CAE8B40}.Release|Any CPU.Build.0 = Release|Any CPU
		{635DE0D2-211A-42CA-98CE-0DB31BBA5208}.Debug|Any CPU.ActiveCfg = Debug|Any CPU
		{635DE0D2-211A-42CA-98CE-0DB31BBA5208}.Debug|Any CPU.Build.0 = Debug|Any CPU
		{635DE0D2-211A-42CA-98CE-0DB31BBA5208}.Release|Any CPU.ActiveCfg = Release|Any CPU
		{635DE0D2-211A-42CA-98CE-0DB31BBA5208}.Release|Any CPU.Build.0 = Release|Any CPU
		{3C792C7B-E303-4FCC-9121-B011DC66AACA}.Debug|Any CPU.ActiveCfg = Debug|Any CPU
		{3C792C7B-E303-4FCC-9121-B011DC66AACA}.Debug|Any CPU.Build.0 = Debug|Any CPU
		{3C792C7B-E303-4FCC-9121-B011DC66AACA}.Release|Any CPU.ActiveCfg = Release|Any CPU
		{3C792C7B-E303-4FCC-9121-B011DC66AACA}.Release|Any CPU.Build.0 = Release|Any CPU
		{4C682FBF-A8EB-4D42-BECE-C83F2DDE4433}.Debug|Any CPU.ActiveCfg = Debug|Any CPU
		{4C682FBF-A8EB-4D42-BECE-C83F2DDE4433}.Debug|Any CPU.Build.0 = Debug|Any CPU
		{4C682FBF-A8EB-4D42-BECE-C83F2DDE4433}.Release|Any CPU.ActiveCfg = Release|Any CPU
		{4C682FBF-A8EB-4D42-BECE-C83F2DDE4433}.Release|Any CPU.Build.0 = Release|Any CPU
		{3E479F92-FFE9-4323-A616-4BCCD5E22DD8}.Debug|Any CPU.ActiveCfg = Debug|Any CPU
		{3E479F92-FFE9-4323-A616-4BCCD5E22DD8}.Debug|Any CPU.Build.0 = Debug|Any CPU
		{3E479F92-FFE9-4323-A616-4BCCD5E22DD8}.Debug|Any CPU.Deploy.0 = Debug|Any CPU
		{3E479F92-FFE9-4323-A616-4BCCD5E22DD8}.Release|Any CPU.ActiveCfg = Release|Any CPU
		{3E479F92-FFE9-4323-A616-4BCCD5E22DD8}.Release|Any CPU.Build.0 = Release|Any CPU
		{3E479F92-FFE9-4323-A616-4BCCD5E22DD8}.Release|Any CPU.Deploy.0 = Release|Any CPU
		{362AD462-775F-4F4F-A383-DA8FBD6E6522}.Debug|Any CPU.ActiveCfg = Debug|Any CPU
		{362AD462-775F-4F4F-A383-DA8FBD6E6522}.Debug|Any CPU.Build.0 = Debug|Any CPU
		{362AD462-775F-4F4F-A383-DA8FBD6E6522}.Release|Any CPU.ActiveCfg = Release|Any CPU
		{362AD462-775F-4F4F-A383-DA8FBD6E6522}.Release|Any CPU.Build.0 = Release|Any CPU
		{A5349C09-D200-4C66-85D8-525A603D0EA6}.Debug|Any CPU.ActiveCfg = Debug|Any CPU
		{A5349C09-D200-4C66-85D8-525A603D0EA6}.Debug|Any CPU.Build.0 = Debug|Any CPU
		{A5349C09-D200-4C66-85D8-525A603D0EA6}.Release|Any CPU.ActiveCfg = Release|Any CPU
		{A5349C09-D200-4C66-85D8-525A603D0EA6}.Release|Any CPU.Build.0 = Release|Any CPU
		{14B27FE6-86E1-44E5-83E6-A5149D6C9DFF}.Debug|Any CPU.ActiveCfg = Debug|Any CPU
		{14B27FE6-86E1-44E5-83E6-A5149D6C9DFF}.Debug|Any CPU.Build.0 = Debug|Any CPU
		{14B27FE6-86E1-44E5-83E6-A5149D6C9DFF}.Release|Any CPU.ActiveCfg = Release|Any CPU
		{14B27FE6-86E1-44E5-83E6-A5149D6C9DFF}.Release|Any CPU.Build.0 = Release|Any CPU
		{9E3F7EB2-CED1-4D11-8C17-DEEB6A2D67D0}.Debug|Any CPU.ActiveCfg = Debug|Any CPU
		{9E3F7EB2-CED1-4D11-8C17-DEEB6A2D67D0}.Debug|Any CPU.Build.0 = Debug|Any CPU
		{9E3F7EB2-CED1-4D11-8C17-DEEB6A2D67D0}.Release|Any CPU.ActiveCfg = Release|Any CPU
		{9E3F7EB2-CED1-4D11-8C17-DEEB6A2D67D0}.Release|Any CPU.Build.0 = Release|Any CPU
		{B9CC219D-A595-45EF-862D-73A8C1AF03A9}.Debug|Any CPU.ActiveCfg = Debug|Any CPU
		{B9CC219D-A595-45EF-862D-73A8C1AF03A9}.Debug|Any CPU.Build.0 = Debug|Any CPU
		{B9CC219D-A595-45EF-862D-73A8C1AF03A9}.Release|Any CPU.ActiveCfg = Release|Any CPU
		{B9CC219D-A595-45EF-862D-73A8C1AF03A9}.Release|Any CPU.Build.0 = Release|Any CPU
		{AFA99F11-16B5-44AA-B808-C91B3458162A}.Debug|Any CPU.ActiveCfg = Debug|Any CPU
		{AFA99F11-16B5-44AA-B808-C91B3458162A}.Debug|Any CPU.Build.0 = Debug|Any CPU
		{AFA99F11-16B5-44AA-B808-C91B3458162A}.Release|Any CPU.ActiveCfg = Release|Any CPU
		{AFA99F11-16B5-44AA-B808-C91B3458162A}.Release|Any CPU.Build.0 = Release|Any CPU
		{42D4FD0A-BFFF-4631-910D-0F2C101847C9}.Debug|Any CPU.ActiveCfg = Debug|Any CPU
		{42D4FD0A-BFFF-4631-910D-0F2C101847C9}.Debug|Any CPU.Build.0 = Debug|Any CPU
		{42D4FD0A-BFFF-4631-910D-0F2C101847C9}.Release|Any CPU.ActiveCfg = Release|Any CPU
		{42D4FD0A-BFFF-4631-910D-0F2C101847C9}.Release|Any CPU.Build.0 = Release|Any CPU
		{185C09CC-2119-4360-9B5C-7114FE759650}.Debug|Any CPU.ActiveCfg = Debug|Any CPU
		{185C09CC-2119-4360-9B5C-7114FE759650}.Debug|Any CPU.Build.0 = Debug|Any CPU
		{185C09CC-2119-4360-9B5C-7114FE759650}.Release|Any CPU.ActiveCfg = Release|Any CPU
		{185C09CC-2119-4360-9B5C-7114FE759650}.Release|Any CPU.Build.0 = Release|Any CPU
	EndGlobalSection
	GlobalSection(SolutionProperties) = preSolution
		HideSolutionNode = FALSE
	EndGlobalSection
	GlobalSection(NestedProjects) = preSolution
		{B85E50BD-F17D-4DC0-9E73-1A2AC857B4CD} = {CDFCD8B7-060E-4438-B586-CAAC0A6C4299}
		{40F176D8-94D2-489D-B6C9-B4D555BF99DE} = {CDFCD8B7-060E-4438-B586-CAAC0A6C4299}
		{A32D6D8D-08A1-4E81-8452-32E0CFAAA633} = {CDFCD8B7-060E-4438-B586-CAAC0A6C4299}
		{6F2C3603-4C71-405E-88C6-69195CE0B7FB} = {CDFCD8B7-060E-4438-B586-CAAC0A6C4299}
		{2EE6E27F-62ED-48EA-927D-DCFF77D54989} = {6E9F984A-6C24-4CD9-8FF2-F6152AD6EE64}
		{B4E22F7B-1D02-4BF9-8865-8F9A5E1B84A9} = {40F176D8-94D2-489D-B6C9-B4D555BF99DE}
		{6794CF2A-B190-47DF-AEA2-71D75CAE8B40} = {B97F35A6-CC1D-493A-94AE-072DB62BC916}
		{2C50798A-E696-433F-8426-4F0FA086CD51} = {B97F35A6-CC1D-493A-94AE-072DB62BC916}
		{635DE0D2-211A-42CA-98CE-0DB31BBA5208} = {2C50798A-E696-433F-8426-4F0FA086CD51}
		{3C792C7B-E303-4FCC-9121-B011DC66AACA} = {B97F35A6-CC1D-493A-94AE-072DB62BC916}
		{4C682FBF-A8EB-4D42-BECE-C83F2DDE4433} = {B97F35A6-CC1D-493A-94AE-072DB62BC916}
		{3E479F92-FFE9-4323-A616-4BCCD5E22DD8} = {B85E50BD-F17D-4DC0-9E73-1A2AC857B4CD}
		{362AD462-775F-4F4F-A383-DA8FBD6E6522} = {5A2B331A-7747-42DB-BAD3-E3F318F88A06}
		{5A2B331A-7747-42DB-BAD3-E3F318F88A06} = {B97F35A6-CC1D-493A-94AE-072DB62BC916}
		{A5349C09-D200-4C66-85D8-525A603D0EA6} = {5A2B331A-7747-42DB-BAD3-E3F318F88A06}
		{14B27FE6-86E1-44E5-83E6-A5149D6C9DFF} = {5A2B331A-7747-42DB-BAD3-E3F318F88A06}
		{9E3F7EB2-CED1-4D11-8C17-DEEB6A2D67D0} = {B833D3E2-95F4-4386-82A6-FB5A3D1D349F}
		{B9CC219D-A595-45EF-862D-73A8C1AF03A9} = {B833D3E2-95F4-4386-82A6-FB5A3D1D349F}
		{AFA99F11-16B5-44AA-B808-C91B3458162A} = {B833D3E2-95F4-4386-82A6-FB5A3D1D349F}
		{B833D3E2-95F4-4386-82A6-FB5A3D1D349F} = {5A2B331A-7747-42DB-BAD3-E3F318F88A06}
		{93BDA58D-CBEB-4552-9463-35E73D3214DA} = {5A2B331A-7747-42DB-BAD3-E3F318F88A06}
		{42D4FD0A-BFFF-4631-910D-0F2C101847C9} = {93BDA58D-CBEB-4552-9463-35E73D3214DA}
		{185C09CC-2119-4360-9B5C-7114FE759650} = {B85E50BD-F17D-4DC0-9E73-1A2AC857B4CD}
	EndGlobalSection
	GlobalSection(ExtensibilityGlobals) = postSolution
		SolutionGuid = {4C927091-C17A-4837-ADC5-D7B0B83310AF}
	EndGlobalSection
EndGlobal
